
Microsoft Visual Studio Solution File, Format Version 12.00
# Visual Studio Version 16
VisualStudioVersion = 16.0.28803.352
MinimumVisualStudioVersion = 10.0.40219.1
Project("{FAE04EC0-301F-11D3-BF4B-00C04F79EFBC}") = "Belfer", "Belfer.csproj", "{0A7B9237-D444-4B1B-94C6-860FE2E43A3B}"
EndProject
Project("{FAE04EC0-301F-11D3-BF4B-00C04F79EFBC}") = "Enigma", "..\..\Enigma\Enigma.csproj", "{3E299997-E34A-4B9B-8CB3-6CB963B685BA}"
EndProject
Project("{FAE04EC0-301F-11D3-BF4B-00C04F79EFBC}") = "DataBaseService", "..\..\DataBaseService\DataBaseService.csproj", "{EEEEEBC7-60B1-4A51-8295-9D4322038C01}"
EndProject
Global
	GlobalSection(SolutionConfigurationPlatforms) = preSolution
		Debug|Any CPU = Debug|Any CPU
		Release|Any CPU = Release|Any CPU
	EndGlobalSection
	GlobalSection(ProjectConfigurationPlatforms) = postSolution
		{0A7B9237-D444-4B1B-94C6-860FE2E43A3B}.Debug|Any CPU.ActiveCfg = Debug|Any CPU
		{0A7B9237-D444-4B1B-94C6-860FE2E43A3B}.Debug|Any CPU.Build.0 = Debug|Any CPU
		{0A7B9237-D444-4B1B-94C6-860FE2E43A3B}.Release|Any CPU.ActiveCfg = Release|Any CPU
		{0A7B9237-D444-4B1B-94C6-860FE2E43A3B}.Release|Any CPU.Build.0 = Release|Any CPU
		{3E299997-E34A-4B9B-8CB3-6CB963B685BA}.Debug|Any CPU.ActiveCfg = Debug|Any CPU
		{3E299997-E34A-4B9B-8CB3-6CB963B685BA}.Debug|Any CPU.Build.0 = Debug|Any CPU
		{3E299997-E34A-4B9B-8CB3-6CB963B685BA}.Release|Any CPU.ActiveCfg = Release|Any CPU
		{3E299997-E34A-4B9B-8CB3-6CB963B685BA}.Release|Any CPU.Build.0 = Release|Any CPU
		{EEEEEBC7-60B1-4A51-8295-9D4322038C01}.Debug|Any CPU.ActiveCfg = Debug|Any CPU
		{EEEEEBC7-60B1-4A51-8295-9D4322038C01}.Debug|Any CPU.Build.0 = Debug|Any CPU
		{EEEEEBC7-60B1-4A51-8295-9D4322038C01}.Release|Any CPU.ActiveCfg = Release|Any CPU
		{EEEEEBC7-60B1-4A51-8295-9D4322038C01}.Release|Any CPU.Build.0 = Release|Any CPU
	EndGlobalSection
	GlobalSection(SolutionProperties) = preSolution
		HideSolutionNode = FALSE
	EndGlobalSection
	GlobalSection(ExtensibilityGlobals) = postSolution
		SolutionGuid = {8238E492-D2A6-49E6-B793-2212191A5F22}
	EndGlobalSection
EndGlobal
